# THIS IS AN AUTOGENERATED FILE. DO NOT EDIT THIS FILE DIRECTLY.
# yarn lockfile v1


"@tensorflow-models/mobilenet@^1.0.1":
  version "1.0.1"
  resolved "https://registry.yarnpkg.com/@tensorflow-models/mobilenet/-/mobilenet-1.0.1.tgz#e0dfdfd4941bae780dfe09e927ebdeea00926d12"
  integrity sha512-VaxVRCmJLK09yp2Qn/LvT29joZPT4aCBrSD4DwIkWghfJF7M/DGqxsiZSnjnUnYjzkZdNv7JCVJ4EY1PCmufQw==

"@tensorflow/tfjs-converter@1.7.0":
  version "1.7.0"
  resolved "https://registry.yarnpkg.com/@tensorflow/tfjs-converter/-/tfjs-converter-1.7.0.tgz#4dcfeffa0bfa4e26e8b64e15a24a6683645945cc"
  integrity sha512-cFXLDKVEjEtFv/C0wETXpIeJNa25chC6nvFm06dB/ShvrGYZpDsGlWVNiCu4v5/VtrSZEQPZ2QdkpTpURbvAqQ==

"@tensorflow/tfjs-core@1.7.0":
  version "1.7.0"
  resolved "https://registry.yarnpkg.com/@tensorflow/tfjs-core/-/tfjs-core-1.7.0.tgz#9207c8f2481c52a6a40135a6aaf21a9bb0339bdf"
  integrity sha512-uwQdiklNjqBnHPeseOdG0sGxrI3+d6lybaKu2+ou3ajVeKdPEwpWbgqA6iHjq1iylnOGkgkbbnQ6r2lwkiIIHw==
  dependencies:
    "@types/offscreencanvas" "~2019.3.0"
    "@types/seedrandom" "2.4.27"
    "@types/webgl-ext" "0.0.30"
    "@types/webgl2" "0.0.4"
    node-fetch "~2.1.2"
    seedrandom "2.4.3"

"@tensorflow/tfjs-data@1.7.0":
  version "1.7.0"
  resolved "https://registry.yarnpkg.com/@tensorflow/tfjs-data/-/tfjs-data-1.7.0.tgz#6b5f91e328d1fdd577bc67b1c800197f34ae3f91"
  integrity sha512-i3pPpCTN76cVArzQ1vby+YFDcxC7APOTW2NGcHr3VxWf9ZCMgjJv/s2z71U8OHoCzw/lTXYue8/l4j4q+D3PMg==
  dependencies:
    "@types/node-fetch" "^2.1.2"
    node-fetch "~2.1.2"

"@tensorflow/tfjs-layers@1.7.0":
  version "1.7.0"
  resolved "https://registry.yarnpkg.com/@tensorflow/tfjs-layers/-/tfjs-layers-1.7.0.tgz#7d1f7246ac3f6f23d0923b7d69d7a97a0890a35d"
  integrity sha512-sRdzuPc2CeLSxctqXdLTckvitSBjsjL8H6MSrvrbOfPEckKdAeNpojB0ayM+76Pc3AsS0/AI6F1R2lT9qoH9/g==

"@tensorflow/tfjs@^1.2.3":
  version "1.7.0"
  resolved "https://registry.yarnpkg.com/@tensorflow/tfjs/-/tfjs-1.7.0.tgz#1b9b10240e18c4e6b34e7de76a5db00327210d14"
  integrity sha512-lN4wSCb/pFFa60R4Ii8Znn+3Q42Ad8bDrqrIPvsxFQYFXd9BSgXXIgizRoSkyMsLVzJokuLLuElHGggF2VNnug==
  dependencies:
    "@tensorflow/tfjs-converter" "1.7.0"
    "@tensorflow/tfjs-core" "1.7.0"
    "@tensorflow/tfjs-data" "1.7.0"
    "@tensorflow/tfjs-layers" "1.7.0"

"@types/node-fetch@^2.1.2":
  version "2.3.7"
  resolved "https://registry.yarnpkg.com/@types/node-fetch/-/node-fetch-2.3.7.tgz#b7212e895100f8642dbdab698472bab5f3c1d2f1"
  integrity sha512-+bKtuxhj/TYSSP1r4CZhfmyA0vm/aDRQNo7vbAgf6/cZajn0SAniGGST07yvI4Q+q169WTa2/x9gEHfJrkcALw==
  dependencies:
    "@types/node" "*"

"@types/node@*":
  version "12.6.1"
  resolved "https://registry.yarnpkg.com/@types/node/-/node-12.6.1.tgz#d5544f6de0aae03eefbb63d5120f6c8be0691946"
  integrity sha512-rp7La3m845mSESCgsJePNL/JQyhkOJA6G4vcwvVgkDAwHhGdq5GCumxmPjEk1MZf+8p5ZQAUE7tqgQRQTXN7uQ==

"@types/offscreencanvas@~2019.3.0":
  version "2019.3.0"
  resolved "https://registry.yarnpkg.com/@types/offscreencanvas/-/offscreencanvas-2019.3.0.tgz#3336428ec7e9180cf4566dfea5da04eb586a6553"
  integrity sha512-esIJx9bQg+QYF0ra8GnvfianIY8qWB0GBx54PK5Eps6m+xTj86KLavHv6qDhzKcu5UUOgNfJ2pWaIIV7TRUd9Q==

"@types/seedrandom@2.4.27":
  version "2.4.27"
  resolved "https://registry.yarnpkg.com/@types/seedrandom/-/seedrandom-2.4.27.tgz#9db563937dd86915f69092bc43259d2f48578e41"
  integrity sha1-nbVjk33YaRX2kJK8QyWdL0hXjkE=

"@types/webgl-ext@0.0.30":
  version "0.0.30"
  resolved "https://registry.yarnpkg.com/@types/webgl-ext/-/webgl-ext-0.0.30.tgz#0ce498c16a41a23d15289e0b844d945b25f0fb9d"
  integrity sha512-LKVgNmBxN0BbljJrVUwkxwRYqzsAEPcZOe6S2T6ZaBDIrFp0qu4FNlpc5sM1tGbXUYFgdVQIoeLk1Y1UoblyEg==

"@types/webgl2@0.0.4":
  version "0.0.4"
  resolved "https://registry.yarnpkg.com/@types/webgl2/-/webgl2-0.0.4.tgz#c3b0f9d6b465c66138e84e64cb3bdf8373c2c279"
  integrity sha512-PACt1xdErJbMUOUweSrbVM7gSIYm1vTncW2hF6Os/EeWi6TXYAYMPp+8v6rzHmypE5gHrxaxZNXgMkJVIdZpHw==

jpeg-js@^0.3.5:
  version "0.3.5"
  resolved "https://registry.yarnpkg.com/jpeg-js/-/jpeg-js-0.3.5.tgz#6fbd6cd0e49627c5a0341796c9e50c70a2aa3673"
  integrity sha512-hvaExqwmQDS8O9qnZAVDXGWU43Tbu1V0wMZmjROjT11jloSgGICZpscG+P6Nyi1BVAvyu2ARRx8qmEW30sxgdQ==

node-fetch@~2.1.2:
  version "2.1.2"
  resolved "https://registry.yarnpkg.com/node-fetch/-/node-fetch-2.1.2.tgz#ab884e8e7e57e38a944753cec706f788d1768bb5"
  integrity sha1-q4hOjn5X44qUR1POxwb3iNF2i7U=

seedrandom@2.4.3:
  version "2.4.3"
  resolved "https://registry.yarnpkg.com/seedrandom/-/seedrandom-2.4.3.tgz#2438504dad33917314bff18ac4d794f16d6aaecc"
  integrity sha1-JDhQTa0zkXMUv/GKxNeU8W1qrsw=
